
Microsoft Visual Studio Solution File, Format Version 12.00
# Visual Studio Version 16
VisualStudioVersion = 16.0.30225.117
MinimumVisualStudioVersion = 10.0.40219.1
Project("{9A19103F-16F7-4668-BE54-9A1E7A4F7556}") = "Decepticon.GenericResult", "GenericResult\Decepticon.GenericResult.csproj", "{383EF361-595F-4237-9CF0-7C06D075C3BC}"
EndProject
Project("{9A19103F-16F7-4668-BE54-9A1E7A4F7556}") = "Decepticon.GenericResult.Tests", "GenericResult.Tests\Decepticon.GenericResult.Tests.csproj", "{BA1187F1-CAEB-4785-AA71-8BCB6D6DC7EE}"
	ProjectSection(ProjectDependencies) = postProject
		{383EF361-595F-4237-9CF0-7C06D075C3BC} = {383EF361-595F-4237-9CF0-7C06D075C3BC}
	EndProjectSection
EndProject
Global
	GlobalSection(SolutionConfigurationPlatforms) = preSolution
		Debug|Any CPU = Debug|Any CPU
		Release|Any CPU = Release|Any CPU
	EndGlobalSection
	GlobalSection(ProjectConfigurationPlatforms) = postSolution
		{383EF361-595F-4237-9CF0-7C06D075C3BC}.Debug|Any CPU.ActiveCfg = Debug|Any CPU
		{383EF361-595F-4237-9CF0-7C06D075C3BC}.Debug|Any CPU.Build.0 = Debug|Any CPU
		{383EF361-595F-4237-9CF0-7C06D075C3BC}.Release|Any CPU.ActiveCfg = Release|Any CPU
		{383EF361-595F-4237-9CF0-7C06D075C3BC}.Release|Any CPU.Build.0 = Release|Any CPU
		{BA1187F1-CAEB-4785-AA71-8BCB6D6DC7EE}.Debug|Any CPU.ActiveCfg = Debug|Any CPU
		{BA1187F1-CAEB-4785-AA71-8BCB6D6DC7EE}.Debug|Any CPU.Build.0 = Debug|Any CPU
		{BA1187F1-CAEB-4785-AA71-8BCB6D6DC7EE}.Release|Any CPU.ActiveCfg = Release|Any CPU
		{BA1187F1-CAEB-4785-AA71-8BCB6D6DC7EE}.Release|Any CPU.Build.0 = Release|Any CPU
	EndGlobalSection
	GlobalSection(SolutionProperties) = preSolution
		HideSolutionNode = FALSE
	EndGlobalSection
	GlobalSection(ExtensibilityGlobals) = postSolution
		SolutionGuid = {09B39601-91E3-469E-9F9C-AD98417A3753}
	EndGlobalSection
EndGlobal
